
Microsoft Visual Studio Solution File, Format Version 12.00
# Visual Studio 15
VisualStudioVersion = 15.0.28307.779
MinimumVisualStudioVersion = 10.0.40219.1
Project("{FAE04EC0-301F-11D3-BF4B-00C04F79EFBC}") = "ConsoleWrite", "ConsoleWrite\ConsoleWrite.csproj", "{03293C5A-2047-4054-AD42-DB050053F63B}"
EndProject
Global
	GlobalSection(SolutionConfigurationPlatforms) = preSolution
		Debug|Any CPU = Debug|Any CPU
		Release|Any CPU = Release|Any CPU
	EndGlobalSection
	GlobalSection(ProjectConfigurationPlatforms) = postSolution
		{03293C5A-2047-4054-AD42-DB050053F63B}.Debug|Any CPU.ActiveCfg = Debug|Any CPU
		{03293C5A-2047-4054-AD42-DB050053F63B}.Debug|Any CPU.Build.0 = Debug|Any CPU
		{03293C5A-2047-4054-AD42-DB050053F63B}.Release|Any CPU.ActiveCfg = Release|Any CPU
		{03293C5A-2047-4054-AD42-DB050053F63B}.Release|Any CPU.Build.0 = Release|Any CPU
	EndGlobalSection
	GlobalSection(SolutionProperties) = preSolution
		HideSolutionNode = FALSE
	EndGlobalSection
	GlobalSection(ExtensibilityGlobals) = postSolution
		SolutionGuid = {3DCE29D9-7EAF-4C58-977D-19C61B6D956D}
	EndGlobalSection
EndGlobal
